version: v1.27.0
modules:
    - name: github.com/getoutreach/stencil-base
      url: https://github.com/getoutreach/stencil-base
      version: main
    - name: github.com/getoutreach/stencil-circleci
      url: https://github.com/getoutreach/stencil-circleci
      version: main
    - name: github.com/getoutreach/stencil-template-base
      url: https://github.com/getoutreach/stencil-template-base
      version: main
files:
    - name: .circleci/config.yml
      template: .circleci/config.yml.tpl
      module: github.com/getoutreach/stencil-circleci
    - name: .editorconfig
      template: .editorconfig.tpl
      module: github.com/getoutreach/stencil-base
    - name: .github/CODEOWNERS
      template: .github/CODEOWNERS.tpl
      module: github.com/getoutreach/stencil-base
    - name: .github/pull_request_template.md
      template: .github/pull_request_template.md.tpl
      module: github.com/getoutreach/stencil-base
    - name: .gitignore
      template: .gitignore.tpl
      module: github.com/getoutreach/stencil-base
    - name: .releaserc.yaml
      template: .releaserc.yaml.tpl
      module: github.com/getoutreach/stencil-base
    - name: .tool-versions
      template: .tool-versions.tpl
      module: github.com/getoutreach/stencil-base
    - name: CONTRIBUTING.md
      template: CONTRIBUTING.md.tpl
      module: github.com/getoutreach/stencil-base
    - name: LICENSE.txt
      template: LICENSE.txt.tpl
      module: github.com/getoutreach/stencil-template-base
    - name: Makefile
      template: Makefile.tpl
      module: github.com/getoutreach/stencil-template-base
    - name: README.md
      template: README.md.tpl
      module: github.com/getoutreach/stencil-base
    - name: bootstrap.lock
      template: bootstrap.lock.tpl
      module: github.com/getoutreach/stencil-template-base
    - name: go.mod
      template: go.mod.tpl
      module: github.com/getoutreach/stencil-template-base
    - name: manifest.yaml
      template: manifest.yaml.tpl
      module: github.com/getoutreach/stencil-template-base
    - name: package.json
      template: package.json.tpl
      module: github.com/getoutreach/stencil-base
    - name: scripts/devbase.sh
      template: scripts/devbase.sh.tpl
      module: github.com/getoutreach/stencil-base
    - name: scripts/golangci.yml
      template: scripts/golangci.yml.tpl
      module: github.com/getoutreach/stencil-template-base
    - name: scripts/shell-wrapper.sh
      template: scripts/shell-wrapper.sh.tpl
      module: github.com/getoutreach/stencil-base
